Microsoft Visual Studio Solution File, Format Version 11.00
# Visual Studio 2008

Project("{4EF36037-B362-90C1-2331-E3B04B0782E6}") = "AR Project 1 B", "Assembly-CSharp.csproj", "{8D0F0FA0-93E3-5397-92CA-1900516AC3A8}"
EndProject
Project("{4EF36037-B362-90C1-2331-E3B04B0782E6}") = "AR Project 1 B", "Assembly-CSharp-Editor.csproj", "{029187E6-F457-8E8F-D560-94AFA5A4BC65}"
EndProject
Project("{4EF36037-B362-90C1-2331-E3B04B0782E6}") = "AR Project 1 B", "Assembly-UnityScript-Editor-firstpass.unityproj", "{978C04A3-F50F-AC9C-9534-2567BDBA27E2}"
EndProject
Global
	GlobalSection(SolutionConfigurationPlatforms) = preSolution
		Debug|Any CPU = Debug|Any CPU
		Release|Any CPU = Release|Any CPU
	EndGlobalSection
	GlobalSection(ProjectConfigurationPlatforms) = postSolution
		{8D0F0FA0-93E3-5397-92CA-1900516AC3A8}.Debug|Any CPU.ActiveCfg = Debug|Any CPU
		{8D0F0FA0-93E3-5397-92CA-1900516AC3A8}.Debug|Any CPU.Build.0 = Debug|Any CPU
		{8D0F0FA0-93E3-5397-92CA-1900516AC3A8}.Release|Any CPU.ActiveCfg = Release|Any CPU
		{8D0F0FA0-93E3-5397-92CA-1900516AC3A8}.Release|Any CPU.Build.0 = Release|Any CPU
		{029187E6-F457-8E8F-D560-94AFA5A4BC65}.Debug|Any CPU.ActiveCfg = Debug|Any CPU
		{029187E6-F457-8E8F-D560-94AFA5A4BC65}.Debug|Any CPU.Build.0 = Debug|Any CPU
		{029187E6-F457-8E8F-D560-94AFA5A4BC65}.Release|Any CPU.ActiveCfg = Release|Any CPU
		{029187E6-F457-8E8F-D560-94AFA5A4BC65}.Release|Any CPU.Build.0 = Release|Any CPU
		{978C04A3-F50F-AC9C-9534-2567BDBA27E2}.Debug|Any CPU.ActiveCfg = Debug|Any CPU
		{978C04A3-F50F-AC9C-9534-2567BDBA27E2}.Debug|Any CPU.Build.0 = Debug|Any CPU
		{978C04A3-F50F-AC9C-9534-2567BDBA27E2}.Release|Any CPU.ActiveCfg = Release|Any CPU
		{978C04A3-F50F-AC9C-9534-2567BDBA27E2}.Release|Any CPU.Build.0 = Release|Any CPU
	EndGlobalSection
	GlobalSection(SolutionProperties) = preSolution
		HideSolutionNode = FALSE
	EndGlobalSection
	GlobalSection(MonoDevelopProperties) = preSolution
		StartupItem = Assembly-CSharp.csproj
	EndGlobalSection
EndGlobal
